# This file is autogenerated, do not edit; changes may be undone by the next 'dep ensure'.


[[projects]]
  name = "github.com/davecgh/go-spew"
  packages = ["spew"]
  revision = "346938d642f2ec3594ed81d874461961cd0faa76"
  version = "v1.1.0"

[[projects]]
  name = "github.com/pmezard/go-difflib"
  packages = ["difflib"]
  revision = "792786c7400a136282c1664665ae0a8db921c6c2"
  version = "v1.0.0"

[[projects]]
  name = "github.com/sadbox/mediawiki"
  packages = ["."]
  revision = "39fea8a1336076a961a300d1d95765dcd17e8a3c"
  version = "v0.1"

[[projects]]
  name = "github.com/stretchr/testify"
  packages = ["assert"]
  revision = "b91bfb9ebec76498946beb6af7c0230c7cc7ba6c"
  version = "v1.2.0"

[[projects]]
  branch = "master"
  name = "github.com/xoebus/go-tracker"
  packages = ["."]
  revision = "a6632e804865bb539e377fc5110656f4c5a4c301"

[[projects]]
  name = "gopkg.in/salsita/go-pivotaltracker.v1"
  packages = ["v5/pivotal"]
  revision = "46083f60193ab53b18d2ffe64d298127652b39ac"
  version = "v1.4.0"

[[projects]]
  branch = "v2"
  name = "gopkg.in/urfave/cli.v2"
  packages = ["."]
  revision = "b2bf3c5abeb90da407891aecd1df2c5a1f6170c1"

[solve-meta]
  analyzer-name = "dep"
  analyzer-version = 1
  inputs-digest = "d612388249b360413983196ec8c641f367eb30d4c12a442081fe38bba3a9927c"
  solver-name = "gps-cdcl"
  solver-version = 1
